
Microsoft Visual Studio Solution File, Format Version 12.00
# Visual Studio Version 16
VisualStudioVersion = 16.0.30114.105
MinimumVisualStudioVersion = 10.0.40219.1
Project("{2150E333-8FDC-42A3-9474-1A3956D46DE8}") = "Chapter01", "Chapter01", "{2D0CE0A7-794C-4F72-9867-3BD80E192389}"
EndProject
Project("{FAE04EC0-301F-11D3-BF4B-00C04F79EFBC}") = "HelloCS", "Chapter01\HelloCS\HelloCS.csproj", "{6859C719-45DA-4622-AC98-1B0A5F0AE4F7}"
EndProject
Project("{FAE04EC0-301F-11D3-BF4B-00C04F79EFBC}") = "TopLevelProgram", "Chapter01\TopLevelProgram\TopLevelProgram.csproj", "{B6B5B10C-81C0-4E8F-BE72-DD7D56BE8219}"
EndProject
Project("{2150E333-8FDC-42A3-9474-1A3956D46DE8}") = "Chapter02", "Chapter02", "{35ACB2FA-4894-40A4-BB4E-00271216ACA4}"
EndProject
Project("{FAE04EC0-301F-11D3-BF4B-00C04F79EFBC}") = "Basics", "Chapter02\Basics\Basics.csproj", "{5358F4E9-2B4E-4A4B-B127-5049107B3266}"
EndProject
Project("{FAE04EC0-301F-11D3-BF4B-00C04F79EFBC}") = "TypesUnderCSharp", "Chapter02\TypesUnderCSharp\TypesUnderCSharp.csproj", "{B0A789A7-578A-4729-8C0B-9E916AFE2563}"
EndProject
Project("{FAE04EC0-301F-11D3-BF4B-00C04F79EFBC}") = "StoringText", "Chapter02\StoringText\StoringText.csproj", "{27CBE478-1908-4731-B8E7-0716B6362609}"
EndProject
Global
	GlobalSection(SolutionConfigurationPlatforms) = preSolution
		Debug|Any CPU = Debug|Any CPU
		Release|Any CPU = Release|Any CPU
	EndGlobalSection
	GlobalSection(SolutionProperties) = preSolution
		HideSolutionNode = FALSE
	EndGlobalSection
	GlobalSection(ProjectConfigurationPlatforms) = postSolution
		{6859C719-45DA-4622-AC98-1B0A5F0AE4F7}.Debug|Any CPU.ActiveCfg = Debug|Any CPU
		{6859C719-45DA-4622-AC98-1B0A5F0AE4F7}.Debug|Any CPU.Build.0 = Debug|Any CPU
		{6859C719-45DA-4622-AC98-1B0A5F0AE4F7}.Release|Any CPU.ActiveCfg = Release|Any CPU
		{6859C719-45DA-4622-AC98-1B0A5F0AE4F7}.Release|Any CPU.Build.0 = Release|Any CPU
		{B6B5B10C-81C0-4E8F-BE72-DD7D56BE8219}.Debug|Any CPU.ActiveCfg = Debug|Any CPU
		{B6B5B10C-81C0-4E8F-BE72-DD7D56BE8219}.Debug|Any CPU.Build.0 = Debug|Any CPU
		{B6B5B10C-81C0-4E8F-BE72-DD7D56BE8219}.Release|Any CPU.ActiveCfg = Release|Any CPU
		{B6B5B10C-81C0-4E8F-BE72-DD7D56BE8219}.Release|Any CPU.Build.0 = Release|Any CPU
		{5358F4E9-2B4E-4A4B-B127-5049107B3266}.Debug|Any CPU.ActiveCfg = Debug|Any CPU
		{5358F4E9-2B4E-4A4B-B127-5049107B3266}.Debug|Any CPU.Build.0 = Debug|Any CPU
		{5358F4E9-2B4E-4A4B-B127-5049107B3266}.Release|Any CPU.ActiveCfg = Release|Any CPU
		{5358F4E9-2B4E-4A4B-B127-5049107B3266}.Release|Any CPU.Build.0 = Release|Any CPU
		{B0A789A7-578A-4729-8C0B-9E916AFE2563}.Debug|Any CPU.ActiveCfg = Debug|Any CPU
		{B0A789A7-578A-4729-8C0B-9E916AFE2563}.Debug|Any CPU.Build.0 = Debug|Any CPU
		{B0A789A7-578A-4729-8C0B-9E916AFE2563}.Release|Any CPU.ActiveCfg = Release|Any CPU
		{B0A789A7-578A-4729-8C0B-9E916AFE2563}.Release|Any CPU.Build.0 = Release|Any CPU
		{27CBE478-1908-4731-B8E7-0716B6362609}.Debug|Any CPU.ActiveCfg = Debug|Any CPU
		{27CBE478-1908-4731-B8E7-0716B6362609}.Debug|Any CPU.Build.0 = Debug|Any CPU
		{27CBE478-1908-4731-B8E7-0716B6362609}.Release|Any CPU.ActiveCfg = Release|Any CPU
		{27CBE478-1908-4731-B8E7-0716B6362609}.Release|Any CPU.Build.0 = Release|Any CPU
	EndGlobalSection
	GlobalSection(NestedProjects) = preSolution
		{6859C719-45DA-4622-AC98-1B0A5F0AE4F7} = {2D0CE0A7-794C-4F72-9867-3BD80E192389}
		{B6B5B10C-81C0-4E8F-BE72-DD7D56BE8219} = {2D0CE0A7-794C-4F72-9867-3BD80E192389}
		{5358F4E9-2B4E-4A4B-B127-5049107B3266} = {35ACB2FA-4894-40A4-BB4E-00271216ACA4}
		{B0A789A7-578A-4729-8C0B-9E916AFE2563} = {35ACB2FA-4894-40A4-BB4E-00271216ACA4}
		{27CBE478-1908-4731-B8E7-0716B6362609} = {35ACB2FA-4894-40A4-BB4E-00271216ACA4}
	EndGlobalSection
EndGlobal
